
Microsoft Visual Studio Solution File, Format Version 12.00
# Visual Studio Version 16
VisualStudioVersion = 16.0.29020.237
MinimumVisualStudioVersion = 10.0.40219.1
Project("{FAE04EC0-301F-11D3-BF4B-00C04F79EFBC}") = "TabelaDeVisualizacaoDeValores", "TabelaDeVisualizacaoDeValores\TabelaDeVisualizacaoDeValores.csproj", "{9FF28C2F-A200-4EF7-9CD7-A26332DEE94A}"
EndProject
Global
	GlobalSection(SolutionConfigurationPlatforms) = preSolution
		Debug|Any CPU = Debug|Any CPU
		Release|Any CPU = Release|Any CPU
	EndGlobalSection
	GlobalSection(ProjectConfigurationPlatforms) = postSolution
		{9FF28C2F-A200-4EF7-9CD7-A26332DEE94A}.Debug|Any CPU.ActiveCfg = Debug|Any CPU
		{9FF28C2F-A200-4EF7-9CD7-A26332DEE94A}.Debug|Any CPU.Build.0 = Debug|Any CPU
		{9FF28C2F-A200-4EF7-9CD7-A26332DEE94A}.Release|Any CPU.ActiveCfg = Release|Any CPU
		{9FF28C2F-A200-4EF7-9CD7-A26332DEE94A}.Release|Any CPU.Build.0 = Release|Any CPU
	EndGlobalSection
	GlobalSection(SolutionProperties) = preSolution
		HideSolutionNode = FALSE
	EndGlobalSection
	GlobalSection(ExtensibilityGlobals) = postSolution
		SolutionGuid = {9929868A-C8C0-4D95-954D-9B66418A6D84}
	EndGlobalSection
EndGlobal
