
Microsoft Visual Studio Solution File, Format Version 12.00
# Visual Studio Version 16
VisualStudioVersion = 16.0.29020.237
MinimumVisualStudioVersion = 10.0.40219.1
Project("{FAE04EC0-301F-11D3-BF4B-00C04F79EFBC}") = "ListaBiSuperCompacta", "ListaBiSuperCompacta.csproj", "{9C81B9F6-CA37-47C6-AAE6-F20F9E57AA04}"
EndProject
Global
	GlobalSection(SolutionConfigurationPlatforms) = preSolution
		Debug|Any CPU = Debug|Any CPU
		Release|Any CPU = Release|Any CPU
	EndGlobalSection
	GlobalSection(ProjectConfigurationPlatforms) = postSolution
		{9C81B9F6-CA37-47C6-AAE6-F20F9E57AA04}.Debug|Any CPU.ActiveCfg = Debug|Any CPU
		{9C81B9F6-CA37-47C6-AAE6-F20F9E57AA04}.Debug|Any CPU.Build.0 = Debug|Any CPU
		{9C81B9F6-CA37-47C6-AAE6-F20F9E57AA04}.Release|Any CPU.ActiveCfg = Release|Any CPU
		{9C81B9F6-CA37-47C6-AAE6-F20F9E57AA04}.Release|Any CPU.Build.0 = Release|Any CPU
	EndGlobalSection
	GlobalSection(SolutionProperties) = preSolution
		HideSolutionNode = FALSE
	EndGlobalSection
	GlobalSection(ExtensibilityGlobals) = postSolution
		SolutionGuid = {AE9ED94C-A100-425B-A408-CD1D3496999A}
	EndGlobalSection
EndGlobal
