
Microsoft Visual Studio Solution File, Format Version 12.00
# Visual Studio Version 16
VisualStudioVersion = 16.0.29020.237
MinimumVisualStudioVersion = 10.0.40219.1
Project("{FAE04EC0-301F-11D3-BF4B-00C04F79EFBC}") = "SistemaBiblioteca", "SistemaBiblioteca.csproj", "{8BD14AF3-8D32-479F-8A16-F354AA20E3AB}"
EndProject
Global
	GlobalSection(SolutionConfigurationPlatforms) = preSolution
		Debug|Any CPU = Debug|Any CPU
		Release|Any CPU = Release|Any CPU
	EndGlobalSection
	GlobalSection(ProjectConfigurationPlatforms) = postSolution
		{8BD14AF3-8D32-479F-8A16-F354AA20E3AB}.Debug|Any CPU.ActiveCfg = Debug|Any CPU
		{8BD14AF3-8D32-479F-8A16-F354AA20E3AB}.Debug|Any CPU.Build.0 = Debug|Any CPU
		{8BD14AF3-8D32-479F-8A16-F354AA20E3AB}.Release|Any CPU.ActiveCfg = Release|Any CPU
		{8BD14AF3-8D32-479F-8A16-F354AA20E3AB}.Release|Any CPU.Build.0 = Release|Any CPU
	EndGlobalSection
	GlobalSection(SolutionProperties) = preSolution
		HideSolutionNode = FALSE
	EndGlobalSection
	GlobalSection(ExtensibilityGlobals) = postSolution
		SolutionGuid = {A6BA7F0C-9917-4EBC-99E6-51571537306A}
	EndGlobalSection
EndGlobal
