
Microsoft Visual Studio Solution File, Format Version 12.00
# Visual Studio Version 16
VisualStudioVersion = 16.0.29020.237
MinimumVisualStudioVersion = 10.0.40219.1
Project("{FAE04EC0-301F-11D3-BF4B-00C04F79EFBC}") = "ExercicioEstacionamento", "ExercicioEstacionamento\ExercicioEstacionamento.csproj", "{D71A6300-9F27-4127-B3CD-6CF03ECBE85F}"
EndProject
Global
	GlobalSection(SolutionConfigurationPlatforms) = preSolution
		Debug|Any CPU = Debug|Any CPU
		Release|Any CPU = Release|Any CPU
	EndGlobalSection
	GlobalSection(ProjectConfigurationPlatforms) = postSolution
		{D71A6300-9F27-4127-B3CD-6CF03ECBE85F}.Debug|Any CPU.ActiveCfg = Debug|Any CPU
		{D71A6300-9F27-4127-B3CD-6CF03ECBE85F}.Debug|Any CPU.Build.0 = Debug|Any CPU
		{D71A6300-9F27-4127-B3CD-6CF03ECBE85F}.Release|Any CPU.ActiveCfg = Release|Any CPU
		{D71A6300-9F27-4127-B3CD-6CF03ECBE85F}.Release|Any CPU.Build.0 = Release|Any CPU
	EndGlobalSection
	GlobalSection(SolutionProperties) = preSolution
		HideSolutionNode = FALSE
	EndGlobalSection
	GlobalSection(ExtensibilityGlobals) = postSolution
		SolutionGuid = {D34BE895-86FF-4054-BD83-FF3C9FB45DD3}
	EndGlobalSection
EndGlobal
