
Microsoft Visual Studio Solution File, Format Version 12.00
# Visual Studio Version 16
VisualStudioVersion = 16.0.29020.237
MinimumVisualStudioVersion = 10.0.40219.1
Project("{FAE04EC0-301F-11D3-BF4B-00C04F79EFBC}") = "MyFirstWinForms", "MyFirstWinForms\MyFirstWinForms.csproj", "{24677060-F6D0-433A-BAE4-59305CEF9271}"
EndProject
Global
	GlobalSection(SolutionConfigurationPlatforms) = preSolution
		Debug|Any CPU = Debug|Any CPU
		Release|Any CPU = Release|Any CPU
	EndGlobalSection
	GlobalSection(ProjectConfigurationPlatforms) = postSolution
		{24677060-F6D0-433A-BAE4-59305CEF9271}.Debug|Any CPU.ActiveCfg = Debug|Any CPU
		{24677060-F6D0-433A-BAE4-59305CEF9271}.Debug|Any CPU.Build.0 = Debug|Any CPU
		{24677060-F6D0-433A-BAE4-59305CEF9271}.Release|Any CPU.ActiveCfg = Release|Any CPU
		{24677060-F6D0-433A-BAE4-59305CEF9271}.Release|Any CPU.Build.0 = Release|Any CPU
	EndGlobalSection
	GlobalSection(SolutionProperties) = preSolution
		HideSolutionNode = FALSE
	EndGlobalSection
	GlobalSection(ExtensibilityGlobals) = postSolution
		SolutionGuid = {CD67D50C-7007-42F5-8A3A-C21878B068CC}
	EndGlobalSection
EndGlobal
