
Microsoft Visual Studio Solution File, Format Version 12.00
# Visual Studio Version 16
VisualStudioVersion = 16.0.29020.237
MinimumVisualStudioVersion = 10.0.40219.1
Project("{FAE04EC0-301F-11D3-BF4B-00C04F79EFBC}") = "Exercicio3ListaAluno", "Exercicio3ListaAluno.csproj", "{0DA9BE27-528F-4B91-B75A-132067528D06}"
EndProject
Global
	GlobalSection(SolutionConfigurationPlatforms) = preSolution
		Debug|Any CPU = Debug|Any CPU
		Release|Any CPU = Release|Any CPU
	EndGlobalSection
	GlobalSection(ProjectConfigurationPlatforms) = postSolution
		{0DA9BE27-528F-4B91-B75A-132067528D06}.Debug|Any CPU.ActiveCfg = Debug|Any CPU
		{0DA9BE27-528F-4B91-B75A-132067528D06}.Debug|Any CPU.Build.0 = Debug|Any CPU
		{0DA9BE27-528F-4B91-B75A-132067528D06}.Release|Any CPU.ActiveCfg = Release|Any CPU
		{0DA9BE27-528F-4B91-B75A-132067528D06}.Release|Any CPU.Build.0 = Release|Any CPU
	EndGlobalSection
	GlobalSection(SolutionProperties) = preSolution
		HideSolutionNode = FALSE
	EndGlobalSection
	GlobalSection(ExtensibilityGlobals) = postSolution
		SolutionGuid = {5BCD2FF5-A11E-4134-9DB3-DC9E791D803B}
	EndGlobalSection
EndGlobal
