
Microsoft Visual Studio Solution File, Format Version 12.00
# Visual Studio Version 16
VisualStudioVersion = 16.0.29020.237
MinimumVisualStudioVersion = 10.0.40219.1
Project("{FAE04EC0-301F-11D3-BF4B-00C04F79EFBC}") = "Exercicio1", "Exercicio1.csproj", "{6EF420EA-952D-43B2-9BB1-E2AB8FD7B2F9}"
EndProject
Global
	GlobalSection(SolutionConfigurationPlatforms) = preSolution
		Debug|Any CPU = Debug|Any CPU
		Release|Any CPU = Release|Any CPU
	EndGlobalSection
	GlobalSection(ProjectConfigurationPlatforms) = postSolution
		{6EF420EA-952D-43B2-9BB1-E2AB8FD7B2F9}.Debug|Any CPU.ActiveCfg = Debug|Any CPU
		{6EF420EA-952D-43B2-9BB1-E2AB8FD7B2F9}.Debug|Any CPU.Build.0 = Debug|Any CPU
		{6EF420EA-952D-43B2-9BB1-E2AB8FD7B2F9}.Release|Any CPU.ActiveCfg = Release|Any CPU
		{6EF420EA-952D-43B2-9BB1-E2AB8FD7B2F9}.Release|Any CPU.Build.0 = Release|Any CPU
	EndGlobalSection
	GlobalSection(SolutionProperties) = preSolution
		HideSolutionNode = FALSE
	EndGlobalSection
	GlobalSection(ExtensibilityGlobals) = postSolution
		SolutionGuid = {7C959A03-302E-4A17-9C1E-07F38DE431B1}
	EndGlobalSection
EndGlobal
