
Microsoft Visual Studio Solution File, Format Version 12.00
# Visual Studio Version 16
VisualStudioVersion = 16.0.29020.237
MinimumVisualStudioVersion = 10.0.40219.1
Project("{FAE04EC0-301F-11D3-BF4B-00C04F79EFBC}") = "ConsoleArrayBi", "ConsoleArrayBi.csproj", "{964C87AA-E25A-4A2F-8DBB-7583F877ECBC}"
EndProject
Global
	GlobalSection(SolutionConfigurationPlatforms) = preSolution
		Debug|Any CPU = Debug|Any CPU
		Release|Any CPU = Release|Any CPU
	EndGlobalSection
	GlobalSection(ProjectConfigurationPlatforms) = postSolution
		{964C87AA-E25A-4A2F-8DBB-7583F877ECBC}.Debug|Any CPU.ActiveCfg = Debug|Any CPU
		{964C87AA-E25A-4A2F-8DBB-7583F877ECBC}.Debug|Any CPU.Build.0 = Debug|Any CPU
		{964C87AA-E25A-4A2F-8DBB-7583F877ECBC}.Release|Any CPU.ActiveCfg = Release|Any CPU
		{964C87AA-E25A-4A2F-8DBB-7583F877ECBC}.Release|Any CPU.Build.0 = Release|Any CPU
	EndGlobalSection
	GlobalSection(SolutionProperties) = preSolution
		HideSolutionNode = FALSE
	EndGlobalSection
	GlobalSection(ExtensibilityGlobals) = postSolution
		SolutionGuid = {6C95ECF8-E162-4461-928B-FC188475A064}
	EndGlobalSection
EndGlobal
