
Microsoft Visual Studio Solution File, Format Version 12.00
# Visual Studio Version 16
VisualStudioVersion = 16.0.29020.237
MinimumVisualStudioVersion = 10.0.40219.1
Project("{FAE04EC0-301F-11D3-BF4B-00C04F79EFBC}") = "WinFormsAluno", "WinFormsAluno\WinFormsAluno.csproj", "{BC7F66A8-5942-43F4-A220-391B331D41D6}"
EndProject
Global
	GlobalSection(SolutionConfigurationPlatforms) = preSolution
		Debug|Any CPU = Debug|Any CPU
		Release|Any CPU = Release|Any CPU
	EndGlobalSection
	GlobalSection(ProjectConfigurationPlatforms) = postSolution
		{BC7F66A8-5942-43F4-A220-391B331D41D6}.Debug|Any CPU.ActiveCfg = Debug|Any CPU
		{BC7F66A8-5942-43F4-A220-391B331D41D6}.Debug|Any CPU.Build.0 = Debug|Any CPU
		{BC7F66A8-5942-43F4-A220-391B331D41D6}.Release|Any CPU.ActiveCfg = Release|Any CPU
		{BC7F66A8-5942-43F4-A220-391B331D41D6}.Release|Any CPU.Build.0 = Release|Any CPU
	EndGlobalSection
	GlobalSection(SolutionProperties) = preSolution
		HideSolutionNode = FALSE
	EndGlobalSection
	GlobalSection(ExtensibilityGlobals) = postSolution
		SolutionGuid = {987ED220-5C09-4EC9-B8D7-B5B183B8BE28}
	EndGlobalSection
EndGlobal
