
Microsoft Visual Studio Solution File, Format Version 12.00
# Visual Studio Version 16
VisualStudioVersion = 16.0.29020.237
MinimumVisualStudioVersion = 10.0.40219.1
Project("{FAE04EC0-301F-11D3-BF4B-00C04F79EFBC}") = "ExercicioFinalBiblioteca", "ExercicioFinalBiblioteca.csproj", "{89504E1E-51FE-499C-AFE9-06AC22DF7D2A}"
EndProject
Global
	GlobalSection(SolutionConfigurationPlatforms) = preSolution
		Debug|Any CPU = Debug|Any CPU
		Release|Any CPU = Release|Any CPU
	EndGlobalSection
	GlobalSection(ProjectConfigurationPlatforms) = postSolution
		{89504E1E-51FE-499C-AFE9-06AC22DF7D2A}.Debug|Any CPU.ActiveCfg = Debug|Any CPU
		{89504E1E-51FE-499C-AFE9-06AC22DF7D2A}.Debug|Any CPU.Build.0 = Debug|Any CPU
		{89504E1E-51FE-499C-AFE9-06AC22DF7D2A}.Release|Any CPU.ActiveCfg = Release|Any CPU
		{89504E1E-51FE-499C-AFE9-06AC22DF7D2A}.Release|Any CPU.Build.0 = Release|Any CPU
	EndGlobalSection
	GlobalSection(SolutionProperties) = preSolution
		HideSolutionNode = FALSE
	EndGlobalSection
	GlobalSection(ExtensibilityGlobals) = postSolution
		SolutionGuid = {F216CE05-E871-4E41-9139-93F321D9C70C}
	EndGlobalSection
EndGlobal
